// !$*UTF8*$!
{
	archiveVersion = 1;
	classes = {
	};
	objectVersion = 77;
	objects = {

/* Begin PBXBuildFile section */
		8CF993942D7BD21B005D399E /* MSAL in Frameworks */ = {isa = PBXBuildFile; productRef = 8CF993932D7BD21B005D399E /* MSAL */; };
		8CF993972D7BD7B4005D399E /* UIKit.framework in Frameworks */ = {isa = PBXBuildFile; fileRef = 8CF993962D7BD7B4005D399E /* UIKit.framework */; platformFilters = (ios, xros, ); };
/* End PBXBuildFile section */

/* Begin PBXContainerItemProxy section */
		8CF9934F2D7BB62F005D399E /* PBXContainerItemProxy */ = {
			isa = PBXContainerItemProxy;
			containerPortal = 8CF993322D7BB62C005D399E /* Project object */;
			proxyType = 1;
			remoteGlobalIDString = 8CF993392D7BB62C005D399E;
			remoteInfo = "Social University";
		};
		8CF993592D7BB62F005D399E /* PBXContainerItemProxy */ = {
			isa = PBXContainerItemProxy;
			containerPortal = 8CF993322D7BB62C005D399E /* Project object */;
			proxyType = 1;
			remoteGlobalIDString = 8CF993392D7BB62C005D399E;
			remoteInfo = "Social University";
		};
/* End PBXContainerItemProxy section */

/* Begin PBXFileReference section */
		8CF9933A2D7BB62D005D399E /* Social University.app */ = {isa = PBXFileReference; explicitFileType = wrapper.application; includeInIndex = 0; path = "Social University.app"; sourceTree = BUILT_PRODUCTS_DIR; };
		8CF9934E2D7BB62F005D399E /* Social UniversityTests.xctest */ = {isa = PBXFileReference; explicitFileType = wrapper.cfbundle; includeInIndex = 0; path = "Social UniversityTests.xctest"; sourceTree = BUILT_PRODUCTS_DIR; };
		8CF993582D7BB62F005D399E /* Social UniversityUITests.xctest */ = {isa = PBXFileReference; explicitFileType = wrapper.cfbundle; includeInIndex = 0; path = "Social UniversityUITests.xctest"; sourceTree = BUILT_PRODUCTS_DIR; };
		8CF993962D7BD7B4005D399E /* UIKit.framework */ = {isa = PBXFileReference; lastKnownFileType = wrapper.framework; name = UIKit.framework; path = Platforms/iPhoneOS.platform/Developer/SDKs/iPhoneOS18.2.sdk/System/Library/Frameworks/UIKit.framework; sourceTree = DEVELOPER_DIR; };
/* End PBXFileReference section */

/* Begin PBXFileSystemSynchronizedBuildFileExceptionSet section */
		8CF993602D7BB62F005D399E /* Exceptions for "Social University" folder in "Social University" target */ = {
			isa = PBXFileSystemSynchronizedBuildFileExceptionSet;
			membershipExceptions = (
				Info.plist,
			);
			target = 8CF993392D7BB62C005D399E /* Social University */;
		};
/* End PBXFileSystemSynchronizedBuildFileExceptionSet section */

/* Begin PBXFileSystemSynchronizedRootGroup section */
		8CF9933C2D7BB62D005D399E /* Social University */ = {
			isa = PBXFileSystemSynchronizedRootGroup;
			exceptions = (
				8CF993602D7BB62F005D399E /* Exceptions for "Social University" folder in "Social University" target */,
			);
			path = "Social University";
			sourceTree = "<group>";
		};
		8CF993512D7BB62F005D399E /* Social UniversityTests */ = {
			isa = PBXFileSystemSynchronizedRootGroup;
			path = "Social UniversityTests";
			sourceTree = "<group>";
		};
		8CF9935B2D7BB62F005D399E /* Social UniversityUITests */ = {
			isa = PBXFileSystemSynchronizedRootGroup;
			path = "Social UniversityUITests";
			sourceTree = "<group>";
		};
/* End PBXFileSystemSynchronizedRootGroup section */

/* Begin PBXFrameworksBuildPhase section */
		8CF993372D7BB62C005D399E /* Frameworks */ = {
			isa = PBXFrameworksBuildPhase;
			buildActionMask = 2147483647;
			files = (
				8CF993942D7BD21B005D399E /* MSAL in Frameworks */,
				8CF993972D7BD7B4005D399E /* UIKit.framework in Frameworks */,
			);
			runOnlyForDeploymentPostprocessing = 0;
		};
		8CF9934B2D7BB62F005D399E /* Frameworks */ = {
			isa = PBXFrameworksBuildPhase;
			buildActionMask = 2147483647;
			files = (
			);
			runOnlyForDeploymentPostprocessing = 0;
		};
		8CF993552D7BB62F005D399E /* Frameworks */ = {
			isa = PBXFrameworksBuildPhase;
			buildActionMask = 2147483647;
			files = (
			);
			runOnlyForDeploymentPostprocessing = 0;
		};
/* End PBXFrameworksBuildPhase section */

/* Begin PBXGroup section */
		8CF993312D7BB62C005D399E = {
			isa = PBXGroup;
			children = (
				8CF9933C2D7BB62D005D399E /* Social University */,
				8CF993512D7BB62F005D399E /* Social UniversityTests */,
				8CF9935B2D7BB62F005D399E /* Social UniversityUITests */,
				8CF993952D7BD7B4005D399E /* Frameworks */,
				8CF9933B2D7BB62D005D399E /* Products */,
			);
			sourceTree = "<group>";
		};
		8CF9933B2D7BB62D005D399E /* Products */ = {
			isa = PBXGroup;
			children = (
				8CF9933A2D7BB62D005D399E /* Social University.app */,
				8CF9934E2D7BB62F005D399E /* Social UniversityTests.xctest */,
				8CF993582D7BB62F005D399E /* Social UniversityUITests.xctest */,
			);
			name = Products;
			sourceTree = "<group>";
		};
		8CF993952D7BD7B4005D399E /* Frameworks */ = {
			isa = PBXGroup;
			children = (
				8CF993962D7BD7B4005D399E /* UIKit.framework */,
			);
			name = Frameworks;
			sourceTree = "<group>";
		};
/* End PBXGroup section */

/* Begin PBXNativeTarget section */
		8CF993392D7BB62C005D399E /* Social University */ = {
			isa = PBXNativeTarget;
			buildConfigurationList = 8CF993612D7BB62F005D399E /* Build configuration list for PBXNativeTarget "Social University" */;
			buildPhases = (
				8CF993362D7BB62C005D399E /* Sources */,
				8CF993372D7BB62C005D399E /* Frameworks */,
				8CF993382D7BB62C005D399E /* Resources */,
			);
			buildRules = (
			);
			dependencies = (
			);
			fileSystemSynchronizedGroups = (
				8CF9933C2D7BB62D005D399E /* Social University */,
			);
			name = "Social University";
			packageProductDependencies = (
				8CF993932D7BD21B005D399E /* MSAL */,
			);
			productName = "Social University";
			productReference = 8CF9933A2D7BB62D005D399E /* Social University.app */;
			productType = "com.apple.product-type.application";
		};
		8CF9934D2D7BB62F005D399E /* Social UniversityTests */ = {
			isa = PBXNativeTarget;
			buildConfigurationList = 8CF993662D7BB62F005D399E /* Build configuration list for PBXNativeTarget "Social UniversityTests" */;
			buildPhases = (
				8CF9934A2D7BB62F005D399E /* Sources */,
				8CF9934B2D7BB62F005D399E /* Frameworks */,
				8CF9934C2D7BB62F005D399E /* Resources */,
			);
			buildRules = (
			);
			dependencies = (
				8CF993502D7BB62F005D399E /* PBXTargetDependency */,
			);
			fileSystemSynchronizedGroups = (
				8CF993512D7BB62F005D399E /* Social UniversityTests */,
			);
			name = "Social UniversityTests";
			packageProductDependencies = (
			);
			productName = "Social UniversityTests";
			productReference = 8CF9934E2D7BB62F005D399E /* Social UniversityTests.xctest */;
			productType = "com.apple.product-type.bundle.unit-test";
		};
		8CF993572D7BB62F005D399E /* Social UniversityUITests */ = {
			isa = PBXNativeTarget;
			buildConfigurationList = 8CF993692D7BB62F005D399E /* Build configuration list for PBXNativeTarget "Social UniversityUITests" */;
			buildPhases = (
				8CF993542D7BB62F005D399E /* Sources */,
				8CF993552D7BB62F005D399E /* Frameworks */,
				8CF993562D7BB62F005D399E /* Resources */,
			);
			buildRules = (
			);
			dependencies = (
				8CF9935A2D7BB62F005D399E /* PBXTargetDependency */,
			);
			fileSystemSynchronizedGroups = (
				8CF9935B2D7BB62F005D399E /* Social UniversityUITests */,
			);
			name = "Social UniversityUITests";
			packageProductDependencies = (
			);
			productName = "Social UniversityUITests";
			productReference = 8CF993582D7BB62F005D399E /* Social UniversityUITests.xctest */;
			productType = "com.apple.product-type.bundle.ui-testing";
		};
/* End PBXNativeTarget section */

/* Begin PBXProject section */
		8CF993322D7BB62C005D399E /* Project object */ = {
			isa = PBXProject;
			attributes = {
				BuildIndependentTargetsInParallel = 1;
				LastSwiftUpdateCheck = 1620;
				LastUpgradeCheck = 1620;
				TargetAttributes = {
					8CF993392D7BB62C005D399E = {
						CreatedOnToolsVersion = 16.2;
					};
					8CF9934D2D7BB62F005D399E = {
						CreatedOnToolsVersion = 16.2;
						TestTargetID = 8CF993392D7BB62C005D399E;
					};
					8CF993572D7BB62F005D399E = {
						CreatedOnToolsVersion = 16.2;
						TestTargetID = 8CF993392D7BB62C005D399E;
					};
				};
			};
			buildConfigurationList = 8CF993352D7BB62C005D399E /* Build configuration list for PBXProject "Social University" */;
			developmentRegion = en;
			hasScannedForEncodings = 0;
			knownRegions = (
				en,
				Base,
			);
			mainGroup = 8CF993312D7BB62C005D399E;
			minimizedProjectReferenceProxies = 1;
			packageReferences = (
				8CF993922D7BD21B005D399E /* XCRemoteSwiftPackageReference "microsoft-authentication-library-for-objc" */,
			);
			preferredProjectObjectVersion = 77;
			productRefGroup = 8CF9933B2D7BB62D005D399E /* Products */;
			projectDirPath = "";
			projectRoot = "";
			targets = (
				8CF993392D7BB62C005D399E /* Social University */,
				8CF9934D2D7BB62F005D399E /* Social UniversityTests */,
				8CF993572D7BB62F005D399E /* Social UniversityUITests */,
			);
		};
/* End PBXProject section */

/* Begin PBXResourcesBuildPhase section */
		8CF993382D7BB62C005D399E /* Resources */ = {
			isa = PBXResourcesBuildPhase;
			buildActionMask = 2147483647;
			files = (
			);
			runOnlyForDeploymentPostprocessing = 0;
		};
		8CF9934C2D7BB62F005D399E /* Resources */ = {
			isa = PBXResourcesBuildPhase;
			buildActionMask = 2147483647;
			files = (
			);
			runOnlyForDeploymentPostprocessing = 0;
		};
		8CF993562D7BB62F005D399E /* Resources */ = {
			isa = PBXResourcesBuildPhase;
			buildActionMask = 2147483647;
			files = (
			);
			runOnlyForDeploymentPostprocessing = 0;
		};
/* End PBXResourcesBuildPhase section */

/* Begin PBXSourcesBuildPhase section */
		8CF993362D7BB62C005D399E /* Sources */ = {
			isa = PBXSourcesBuildPhase;
			buildActionMask = 2147483647;
			files = (
			);
			runOnlyForDeploymentPostprocessing = 0;
		};
		8CF9934A2D7BB62F005D399E /* Sources */ = {
			isa = PBXSourcesBuildPhase;
			buildActionMask = 2147483647;
			files = (
			);
			runOnlyForDeploymentPostprocessing = 0;
		};
		8CF993542D7BB62F005D399E /* Sources */ = {
			isa = PBXSourcesBuildPhase;
			buildActionMask = 2147483647;
			files = (
			);
			runOnlyForDeploymentPostprocessing = 0;
		};
/* End PBXSourcesBuildPhase section */

/* Begin PBXTargetDependency section */
		8CF993502D7BB62F005D399E /* PBXTargetDependency */ = {
			isa = PBXTargetDependency;
			target = 8CF993392D7BB62C005D399E /* Social University */;
			targetProxy = 8CF9934F2D7BB62F005D399E /* PBXContainerItemProxy */;
		};
		8CF9935A2D7BB62F005D399E /* PBXTargetDependency */ = {
			isa = PBXTargetDependency;
			target = 8CF993392D7BB62C005D399E /* Social University */;
			targetProxy = 8CF993592D7BB62F005D399E /* PBXContainerItemProxy */;
		};
/* End PBXTargetDependency section */

/* Begin XCBuildConfiguration section */
		8CF993622D7BB62F005D399E /* Debug */ = {
			isa = XCBuildConfiguration;
			buildSettings = {
				ASSETCATALOG_COMPILER_APPICON_NAME = AppIcon;
				ASSETCATALOG_COMPILER_GLOBAL_ACCENT_COLOR_NAME = AccentColor;
				CODE_SIGN_ENTITLEMENTS = "Social University/Social_University.entitlements";
				CODE_SIGN_STYLE = Automatic;
				CURRENT_PROJECT_VERSION = 1;
				DEVELOPMENT_ASSET_PATHS = "\"Social University/Preview Content\"";
				DEVELOPMENT_TEAM = 5XW7Z342Y8;
				ENABLE_HARDENED_RUNTIME = YES;
				ENABLE_PREVIEWS = YES;
				GENERATE_INFOPLIST_FILE = YES;
				INFOPLIST_FILE = "Social University/Info.plist";
				INFOPLIST_KEY_CFBundleDisplayName = "Social University";
				INFOPLIST_KEY_LSApplicationCategoryType = "public.app-category.education";
				"INFOPLIST_KEY_UIApplicationSceneManifest_Generation[sdk=iphoneos*]" = YES;
				"INFOPLIST_KEY_UIApplicationSceneManifest_Generation[sdk=iphonesimulator*]" = YES;
				"INFOPLIST_KEY_UIApplicationSupportsIndirectInputEvents[sdk=iphoneos*]" = YES;
				"INFOPLIST_KEY_UIApplicationSupportsIndirectInputEvents[sdk=iphonesimulator*]" = YES;
				"INFOPLIST_KEY_UILaunchScreen_Generation[sdk=iphoneos*]" = YES;
				"INFOPLIST_KEY_UILaunchScreen_Generation[sdk=iphonesimulator*]" = YES;
				"INFOPLIST_KEY_UIStatusBarStyle[sdk=iphoneos*]" = UIStatusBarStyleDefault;
				"INFOPLIST_KEY_UIStatusBarStyle[sdk=iphonesimulator*]" = UIStatusBarStyleDefault;
				INFOPLIST_KEY_UISupportedInterfaceOrientations_iPad = "UIInterfaceOrientationPortrait UIInterfaceOrientationPortraitUpsideDown UIInterfaceOrientationLandscapeLeft UIInterfaceOrientationLandscapeRight";
				INFOPLIST_KEY_UISupportedInterfaceOrientations_iPhone = "UIInterfaceOrientationPortrait UIInterfaceOrientationLandscapeLeft UIInterfaceOrientationLandscapeRight";
				IPHONEOS_DEPLOYMENT_TARGET = 18.2;
				LD_RUNPATH_SEARCH_PATHS = "@executable_path/Frameworks";
				"LD_RUNPATH_SEARCH_PATHS[sdk=macosx*]" = "@executable_path/../Frameworks";
				MACOSX_DEPLOYMENT_TARGET = 14.0;
				MARKETING_VERSION = 1.0;
				PRODUCT_BUNDLE_IDENTIFIER = "AR-Software-Consultancy.Social-University";
				PRODUCT_NAME = "$(TARGET_NAME)";
				SDKROOT = auto;
				SUPPORTED_PLATFORMS = "iphoneos iphonesimulator macosx xros xrsimulator";
				SWIFT_EMIT_LOC_STRINGS = YES;
				SWIFT_VERSION = 5.0;
				TARGETED_DEVICE_FAMILY = "1,2,7";
				XROS_DEPLOYMENT_TARGET = 2.2;
			};
			name = Debug;
		};
		8CF993632D7BB62F005D399E /* Release */ = {
			isa = XCBuildConfiguration;
			buildSettings = {
				ASSETCATALOG_COMPILER_APPICON_NAME = AppIcon;
				ASSETCATALOG_COMPILER_GLOBAL_ACCENT_COLOR_NAME = AccentColor;
				CODE_SIGN_ENTITLEMENTS = "Social University/Social_University.entitlements";
				CODE_SIGN_STYLE = Automatic;
				CURRENT_PROJECT_VERSION = 1;
				DEVELOPMENT_ASSET_PATHS = "\"Social University/Preview Content\"";
				DEVELOPMENT_TEAM = 5XW7Z342Y8;
				ENABLE_HARDENED_RUNTIME = YES;
				ENABLE_PREVIEWS = YES;
				GENERATE_INFOPLIST_FILE = YES;
				INFOPLIST_FILE = "Social University/Info.plist";
				INFOPLIST_KEY_CFBundleDisplayName = "Social University";
				INFOPLIST_KEY_LSApplicationCategoryType = "public.app-category.education";
				"INFOPLIST_KEY_UIApplicationSceneManifest_Generation[sdk=iphoneos*]" = YES;
				"INFOPLIST_KEY_UIApplicationSceneManifest_Generation[sdk=iphonesimulator*]" = YES;
				"INFOPLIST_KEY_UIApplicationSupportsIndirectInputEvents[sdk=iphoneos*]" = YES;
				"INFOPLIST_KEY_UIApplicationSupportsIndirectInputEvents[sdk=iphonesimulator*]" = YES;
				"INFOPLIST_KEY_UILaunchScreen_Generation[sdk=iphoneos*]" = YES;
				"INFOPLIST_KEY_UILaunchScreen_Generation[sdk=iphonesimulator*]" = YES;
				"INFOPLIST_KEY_UIStatusBarStyle[sdk=iphoneos*]" = UIStatusBarStyleDefault;
				"INFOPLIST_KEY_UIStatusBarStyle[sdk=iphonesimulator*]" = UIStatusBarStyleDefault;
				INFOPLIST_KEY_UISupportedInterfaceOrientations_iPad = "UIInterfaceOrientationPortrait UIInterfaceOrientationPortraitUpsideDown UIInterfaceOrientationLandscapeLeft UIInterfaceOrientationLandscapeRight";
				INFOPLIST_KEY_UISupportedInterfaceOrientations_iPhone = "UIInterfaceOrientationPortrait UIInterfaceOrientationLandscapeLeft UIInterfaceOrientationLandscapeRight";
				IPHONEOS_DEPLOYMENT_TARGET = 18.2;
				LD_RUNPATH_SEARCH_PATHS = "@executable_path/Frameworks";
				"LD_RUNPATH_SEARCH_PATHS[sdk=macosx*]" = "@executable_path/../Frameworks";
				MACOSX_DEPLOYMENT_TARGET = 14.0;
				MARKETING_VERSION = 1.0;
				PRODUCT_BUNDLE_IDENTIFIER = "AR-Software-Consultancy.Social-University";
				PRODUCT_NAME = "$(TARGET_NAME)";
				SDKROOT = auto;
				SUPPORTED_PLATFORMS = "iphoneos iphonesimulator macosx xros xrsimulator";
				SWIFT_EMIT_LOC_STRINGS = YES;
				SWIFT_VERSION = 5.0;
				TARGETED_DEVICE_FAMILY = "1,2,7";
				XROS_DEPLOYMENT_TARGET = 2.2;
			};
			name = Release;
		};
		8CF993642D7BB62F005D399E /* Debug */ = {
			isa = XCBuildConfiguration;
			buildSettings = {
				ALWAYS_SEARCH_USER_PATHS = NO;
				ASSETCATALOG_COMPILER_GENERATE_SWIFT_ASSET_SYMBOL_EXTENSIONS = YES;
				CLANG_ANALYZER_NONNULL = YES;
				CLANG_ANALYZER_NUMBER_OBJECT_CONVERSION = YES_AGGRESSIVE;
				CLANG_CXX_LANGUAGE_STANDARD = "gnu++20";
				CLANG_ENABLE_MODULES = YES;
				CLANG_ENABLE_OBJC_ARC = YES;
				CLANG_ENABLE_OBJC_WEAK = YES;
				CLANG_WARN_BLOCK_CAPTURE_AUTORELEASING = YES;
				CLANG_WARN_BOOL_CONVERSION = YES;
				CLANG_WARN_COMMA = YES;
				CLANG_WARN_CONSTANT_CONVERSION = YES;
				CLANG_WARN_DEPRECATED_OBJC_IMPLEMENTATIONS = YES;
				CLANG_WARN_DIRECT_OBJC_ISA_USAGE = YES_ERROR;
				CLANG_WARN_DOCUMENTATION_COMMENTS = YES;
				CLANG_WARN_EMPTY_BODY = YES;
				CLANG_WARN_ENUM_CONVERSION = YES;
				CLANG_WARN_INFINITE_RECURSION = YES;
				CLANG_WARN_INT_CONVERSION = YES;
				CLANG_WARN_NON_LITERAL_NULL_CONVERSION = YES;
				CLANG_WARN_OBJC_IMPLICIT_RETAIN_SELF = YES;
				CLANG_WARN_OBJC_LITERAL_CONVERSION = YES;
				CLANG_WARN_OBJC_ROOT_CLASS = YES_ERROR;
				CLANG_WARN_QUOTED_INCLUDE_IN_FRAMEWORK_HEADER = YES;
				CLANG_WARN_RANGE_LOOP_ANALYSIS = YES;
				CLANG_WARN_STRICT_PROTOTYPES = YES;
				CLANG_WARN_SUSPICIOUS_MOVE = YES;
				CLANG_WARN_UNGUARDED_AVAILABILITY = YES_AGGRESSIVE;
				CLANG_WARN_UNREACHABLE_CODE = YES;
				CLANG_WARN__DUPLICATE_METHOD_MATCH = YES;
				COPY_PHASE_STRIP = NO;
				DEBUG_INFORMATION_FORMAT = dwarf;
				ENABLE_STRICT_OBJC_MSGSEND = YES;
				ENABLE_TESTABILITY = YES;
				ENABLE_USER_SCRIPT_SANDBOXING = YES;
				GCC_C_LANGUAGE_STANDARD = gnu17;
				GCC_DYNAMIC_NO_PIC = NO;
				GCC_NO_COMMON_BLOCKS = YES;
				GCC_OPTIMIZATION_LEVEL = 0;
				GCC_PREPROCESSOR_DEFINITIONS = (
					"DEBUG=1",
					"$(inherited)",
				);
				GCC_WARN_64_TO_32_BIT_CONVERSION = YES;
				GCC_WARN_ABOUT_RETURN_TYPE = YES_ERROR;
				GCC_WARN_UNDECLARED_SELECTOR = YES;
				GCC_WARN_UNINITIALIZED_AUTOS = YES_AGGRESSIVE;
				GCC_WARN_UNUSED_FUNCTION = YES;
				GCC_WARN_UNUSED_VARIABLE = YES;
				LOCALIZATION_PREFERS_STRING_CATALOGS = YES;
				MTL_ENABLE_DEBUG_INFO = INCLUDE_SOURCE;
				MTL_FAST_MATH = YES;
				ONLY_ACTIVE_ARCH = YES;
				SWIFT_ACTIVE_COMPILATION_CONDITIONS = "DEBUG $(inherited)";
				SWIFT_OPTIMIZATION_LEVEL = "-Onone";
			};
			name = Debug;
		};
		8CF993652D7BB62F005D399E /* Release */ = {
			isa = XCBuildConfiguration;
			buildSettings = {
				ALWAYS_SEARCH_USER_PATHS = NO;
				ASSETCATALOG_COMPILER_GENERATE_SWIFT_ASSET_SYMBOL_EXTENSIONS = YES;
				CLANG_ANALYZER_NONNULL = YES;
				CLANG_ANALYZER_NUMBER_OBJECT_CONVERSION = YES_AGGRESSIVE;
				CLANG_CXX_LANGUAGE_STANDARD = "gnu++20";
				CLANG_ENABLE_MODULES = YES;
				CLANG_ENABLE_OBJC_ARC = YES;
				CLANG_ENABLE_OBJC_WEAK = YES;
				CLANG_WARN_BLOCK_CAPTURE_AUTORELEASING = YES;
				CLANG_WARN_BOOL_CONVERSION = YES;
				CLANG_WARN_COMMA = YES;
				CLANG_WARN_CONSTANT_CONVERSION = YES;
				CLANG_WARN_DEPRECATED_OBJC_IMPLEMENTATIONS = YES;
				CLANG_WARN_DIRECT_OBJC_ISA_USAGE = YES_ERROR;
				CLANG_WARN_DOCUMENTATION_COMMENTS = YES;
				CLANG_WARN_EMPTY_BODY = YES;
				CLANG_WARN_ENUM_CONVERSION = YES;
				CLANG_WARN_INFINITE_RECURSION = YES;
				CLANG_WARN_INT_CONVERSION = YES;
				CLANG_WARN_NON_LITERAL_NULL_CONVERSION = YES;
				CLANG_WARN_OBJC_IMPLICIT_RETAIN_SELF = YES;
				CLANG_WARN_OBJC_LITERAL_CONVERSION = YES;
				CLANG_WARN_OBJC_ROOT_CLASS = YES_ERROR;
				CLANG_WARN_QUOTED_INCLUDE_IN_FRAMEWORK_HEADER = YES;
				CLANG_WARN_RANGE_LOOP_ANALYSIS = YES;
				CLANG_WARN_STRICT_PROTOTYPES = YES;
				CLANG_WARN_SUSPICIOUS_MOVE = YES;
				CLANG_WARN_UNGUARDED_AVAILABILITY = YES_AGGRESSIVE;
				CLANG_WARN_UNREACHABLE_CODE = YES;
				CLANG_WARN__DUPLICATE_METHOD_MATCH = YES;
				COPY_PHASE_STRIP = NO;
				DEBUG_INFORMATION_FORMAT = "dwarf-with-dsym";
				ENABLE_NS_ASSERTIONS = NO;
				ENABLE_STRICT_OBJC_MSGSEND = YES;
				ENABLE_USER_SCRIPT_SANDBOXING = YES;
				GCC_C_LANGUAGE_STANDARD = gnu17;
				GCC_NO_COMMON_BLOCKS = YES;
				GCC_WARN_64_TO_32_BIT_CONVERSION = YES;
				GCC_WARN_ABOUT_RETURN_TYPE = YES_ERROR;
				GCC_WARN_UNDECLARED_SELECTOR = YES;
				GCC_WARN_UNINITIALIZED_AUTOS = YES_AGGRESSIVE;
				GCC_WARN_UNUSED_FUNCTION = YES;
				GCC_WARN_UNUSED_VARIABLE = YES;
				LOCALIZATION_PREFERS_STRING_CATALOGS = YES;
				MTL_ENABLE_DEBUG_INFO = NO;
				MTL_FAST_MATH = YES;
				SWIFT_COMPILATION_MODE = wholemodule;
			};
			name = Release;
		};
		8CF993672D7BB62F005D399E /* Debug */ = {
			isa = XCBuildConfiguration;
			buildSettings = {
				BUNDLE_LOADER = "$(TEST_HOST)";
				CODE_SIGN_STYLE = Automatic;
				CURRENT_PROJECT_VERSION = 1;
				DEVELOPMENT_TEAM = 5XW7Z342Y8;
				GENERATE_INFOPLIST_FILE = YES;
				IPHONEOS_DEPLOYMENT_TARGET = 18.2;
				MACOSX_DEPLOYMENT_TARGET = 15.2;
				MARKETING_VERSION = 1.0;
				PRODUCT_BUNDLE_IDENTIFIER = "AR-Software-Consultancy.Social-UniversityTests";
				PRODUCT_NAME = "$(TARGET_NAME)";
				SDKROOT = auto;
				SUPPORTED_PLATFORMS = "iphoneos iphonesimulator macosx xros xrsimulator";
				SWIFT_EMIT_LOC_STRINGS = NO;
				SWIFT_VERSION = 5.0;
				TARGETED_DEVICE_FAMILY = "1,2,7";
				TEST_HOST = "$(BUILT_PRODUCTS_DIR)/Social University.app/$(BUNDLE_EXECUTABLE_FOLDER_PATH)/Social University";
				XROS_DEPLOYMENT_TARGET = 2.2;
			};
			name = Debug;
		};
		8CF993682D7BB62F005D399E /* Release */ = {
			isa = XCBuildConfiguration;
			buildSettings = {
				BUNDLE_LOADER = "$(TEST_HOST)";
				CODE_SIGN_STYLE = Automatic;
				CURRENT_PROJECT_VERSION = 1;
				DEVELOPMENT_TEAM = 5XW7Z342Y8;
				GENERATE_INFOPLIST_FILE = YES;
				IPHONEOS_DEPLOYMENT_TARGET = 18.2;
				MACOSX_DEPLOYMENT_TARGET = 15.2;
				MARKETING_VERSION = 1.0;
				PRODUCT_BUNDLE_IDENTIFIER = "AR-Software-Consultancy.Social-UniversityTests";
				PRODUCT_NAME = "$(TARGET_NAME)";
				SDKROOT = auto;
				SUPPORTED_PLATFORMS = "iphoneos iphonesimulator macosx xros xrsimulator";
				SWIFT_EMIT_LOC_STRINGS = NO;
				SWIFT_VERSION = 5.0;
				TARGETED_DEVICE_FAMILY = "1,2,7";
				TEST_HOST = "$(BUILT_PRODUCTS_DIR)/Social University.app/$(BUNDLE_EXECUTABLE_FOLDER_PATH)/Social University";
				XROS_DEPLOYMENT_TARGET = 2.2;
			};
			name = Release;
		};
		8CF9936A2D7BB62F005D399E /* Debug */ = {
			isa = XCBuildConfiguration;
			buildSettings = {
				CODE_SIGN_STYLE = Automatic;
				CURRENT_PROJECT_VERSION = 1;
				DEVELOPMENT_TEAM = 5XW7Z342Y8;
				GENERATE_INFOPLIST_FILE = YES;
				IPHONEOS_DEPLOYMENT_TARGET = 18.2;
				MACOSX_DEPLOYMENT_TARGET = 15.2;
				MARKETING_VERSION = 1.0;
				PRODUCT_BUNDLE_IDENTIFIER = "AR-Software-Consultancy.Social-UniversityUITests";
				PRODUCT_NAME = "$(TARGET_NAME)";
				SDKROOT = auto;
				SUPPORTED_PLATFORMS = "iphoneos iphonesimulator macosx xros xrsimulator";
				SWIFT_EMIT_LOC_STRINGS = NO;
				SWIFT_VERSION = 5.0;
				TARGETED_DEVICE_FAMILY = "1,2,7";
				TEST_TARGET_NAME = "Social University";
				XROS_DEPLOYMENT_TARGET = 2.2;
			};
			name = Debug;
		};
		8CF9936B2D7BB62F005D399E /* Release */ = {
			isa = XCBuildConfiguration;
			buildSettings = {
				CODE_SIGN_STYLE = Automatic;
				CURRENT_PROJECT_VERSION = 1;
				DEVELOPMENT_TEAM = 5XW7Z342Y8;
				GENERATE_INFOPLIST_FILE = YES;
				IPHONEOS_DEPLOYMENT_TARGET = 18.2;
				MACOSX_DEPLOYMENT_TARGET = 15.2;
				MARKETING_VERSION = 1.0;
				PRODUCT_BUNDLE_IDENTIFIER = "AR-Software-Consultancy.Social-UniversityUITests";
				PRODUCT_NAME = "$(TARGET_NAME)";
				SDKROOT = auto;
				SUPPORTED_PLATFORMS = "iphoneos iphonesimulator macosx xros xrsimulator";
				SWIFT_EMIT_LOC_STRINGS = NO;
				SWIFT_VERSION = 5.0;
				TARGETED_DEVICE_FAMILY = "1,2,7";
				TEST_TARGET_NAME = "Social University";
				XROS_DEPLOYMENT_TARGET = 2.2;
			};
			name = Release;
		};
/* End XCBuildConfiguration section */

/* Begin XCConfigurationList section */
		8CF993352D7BB62C005D399E /* Build configuration list for PBXProject "Social University" */ = {
			isa = XCConfigurationList;
			buildConfigurations = (
				8CF993642D7BB62F005D399E /* Debug */,
				8CF993652D7BB62F005D399E /* Release */,
			);
			defaultConfigurationIsVisible = 0;
			defaultConfigurationName = Release;
		};
		8CF993612D7BB62F005D399E /* Build configuration list for PBXNativeTarget "Social University" */ = {
			isa = XCConfigurationList;
			buildConfigurations = (
				8CF993622D7BB62F005D399E /* Debug */,
				8CF993632D7BB62F005D399E /* Release */,
			);
			defaultConfigurationIsVisible = 0;
			defaultConfigurationName = Release;
		};
		8CF993662D7BB62F005D399E /* Build configuration list for PBXNativeTarget "Social UniversityTests" */ = {
			isa = XCConfigurationList;
			buildConfigurations = (
				8CF993672D7BB62F005D399E /* Debug */,
				8CF993682D7BB62F005D399E /* Release */,
			);
			defaultConfigurationIsVisible = 0;
			defaultConfigurationName = Release;
		};
		8CF993692D7BB62F005D399E /* Build configuration list for PBXNativeTarget "Social UniversityUITests" */ = {
			isa = XCConfigurationList;
			buildConfigurations = (
				8CF9936A2D7BB62F005D399E /* Debug */,
				8CF9936B2D7BB62F005D399E /* Release */,
			);
			defaultConfigurationIsVisible = 0;
			defaultConfigurationName = Release;
		};
/* End XCConfigurationList section */

/* Begin XCRemoteSwiftPackageReference section */
		8CF993922D7BD21B005D399E /* XCRemoteSwiftPackageReference "microsoft-authentication-library-for-objc" */ = {
			isa = XCRemoteSwiftPackageReference;
			repositoryURL = "https://github.com/AzureAD/microsoft-authentication-library-for-objc";
			requirement = {
				kind = upToNextMajorVersion;
				minimumVersion = 1.8.0;
			};
		};
/* End XCRemoteSwiftPackageReference section */

/* Begin XCSwiftPackageProductDependency section */
		8CF993932D7BD21B005D399E /* MSAL */ = {
			isa = XCSwiftPackageProductDependency;
			package = 8CF993922D7BD21B005D399E /* XCRemoteSwiftPackageReference "microsoft-authentication-library-for-objc" */;
			productName = MSAL;
		};
/* End XCSwiftPackageProductDependency section */
	};
	rootObject = 8CF993322D7BB62C005D399E /* Project object */;
}
